// !$*UTF8*$!
{
	archiveVersion = 1;
	classes = {
	};
	objectVersion = 46;
	objects = {

/* Begin PBXBuildFile section */
		5B2210711F4A76BF00E0F227 /* main.m in Sources */ = {isa = PBXBuildFile; fileRef = 5B2210701F4A76BF00E0F227 /* main.m */; };
		5B2210741F4A76BF00E0F227 /* AppDelegate.m in Sources */ = {isa = PBXBuildFile; fileRef = 5B2210731F4A76BF00E0F227 /* AppDelegate.m */; };
		5B22107A1F4A76BF00E0F227 /* Main.storyboard in Resources */ = {isa = PBXBuildFile; fileRef = 5B2210781F4A76BF00E0F227 /* Main.storyboard */; };
		5B22107C1F4A76BF00E0F227 /* Assets.xcassets in Resources */ = {isa = PBXBuildFile; fileRef = 5B22107B1F4A76BF00E0F227 /* Assets.xcassets */; };
		5B22107F1F4A76BF00E0F227 /* LaunchScreen.storyboard in Resources */ = {isa = PBXBuildFile; fileRef = 5B22107D1F4A76BF00E0F227 /* LaunchScreen.storyboard */; };
		5B22108A1F4A76C000E0F227 /* TestDemoTests.m in Sources */ = {isa = PBXBuildFile; fileRef = 5B2210891F4A76C000E0F227 /* TestDemoTests.m */; };
		5B2210951F4A76C000E0F227 /* TestDemoUITests.m in Sources */ = {isa = PBXBuildFile; fileRef = 5B2210941F4A76C000E0F227 /* TestDemoUITests.m */; };
		5B2210CA1F4AD0C900E0F227 /* AddressTableViewCell.m in Sources */ = {isa = PBXBuildFile; fileRef = 5B2210BD1F4AD0C900E0F227 /* AddressTableViewCell.m */; };
		5B2210CB1F4AD0C900E0F227 /* area.plist in Resources */ = {isa = PBXBuildFile; fileRef = 5B2210BE1F4AD0C900E0F227 /* area.plist */; };
		5B2210CC1F4AD0C900E0F227 /* AreaModel.m in Sources */ = {isa = PBXBuildFile; fileRef = 5B2210C01F4AD0C900E0F227 /* AreaModel.m */; };
		5B2210CD1F4AD0C900E0F227 /* city.plist in Resources */ = {isa = PBXBuildFile; fileRef = 5B2210C11F4AD0C900E0F227 /* city.plist */; };
		5B2210CE1F4AD0C900E0F227 /* CityModel.m in Sources */ = {isa = PBXBuildFile; fileRef = 5B2210C31F4AD0C900E0F227 /* CityModel.m */; };
		5B2210CF1F4AD0C900E0F227 /* DefaultAddressCell.m in Sources */ = {isa = PBXBuildFile; fileRef = 5B2210C51F4AD0C900E0F227 /* DefaultAddressCell.m */; };
		5B2210D01F4AD0C900E0F227 /* ProvinceModel.m in Sources */ = {isa = PBXBuildFile; fileRef = 5B2210C71F4AD0C900E0F227 /* ProvinceModel.m */; };
		5B2210D11F4AD0C900E0F227 /* ViewController.m in Sources */ = {isa = PBXBuildFile; fileRef = 5B2210C91F4AD0C900E0F227 /* ViewController.m */; };
		5B29C68B1F4BBEDE00B2F4F0 /* MIneViewController.m in Sources */ = {isa = PBXBuildFile; fileRef = 5B29C68A1F4BBEDE00B2F4F0 /* MIneViewController.m */; };
		5B29C68F1F4BCD6500B2F4F0 /* 屏幕快照.png in Resources */ = {isa = PBXBuildFile; fileRef = 5B29C68E1F4BCD6500B2F4F0 /* 屏幕快照.png */; };
		5B29C6981F4BCE9D00B2F4F0 /* NavigationController.m in Sources */ = {isa = PBXBuildFile; fileRef = 5B29C6951F4BCE9D00B2F4F0 /* NavigationController.m */; };
		5B29C6991F4BCE9D00B2F4F0 /* TabBarViewController.m in Sources */ = {isa = PBXBuildFile; fileRef = 5B29C6971F4BCE9D00B2F4F0 /* TabBarViewController.m */; };
		5B29C69C1F4BD9F800B2F4F0 /* ProfileViewController.m in Sources */ = {isa = PBXBuildFile; fileRef = 5B29C69B1F4BD9F800B2F4F0 /* ProfileViewController.m */; };
		5B63E9571F4E67100026ACD2 /* PersonalDataVC.m in Sources */ = {isa = PBXBuildFile; fileRef = 5B63E9561F4E67100026ACD2 /* PersonalDataVC.m */; };
		5B63E95A1F4E7F890026ACD2 /* SettingViewController.m in Sources */ = {isa = PBXBuildFile; fileRef = 5B63E9591F4E7F890026ACD2 /* SettingViewController.m */; };
		5B69124F1F4D3382009FC56F /* Info.plist in Resources */ = {isa = PBXBuildFile; fileRef = 5B6912351F4D3382009FC56F /* Info.plist */; };
		5B6912501F4D3382009FC56F /* MASCompositeConstraint.m in Sources */ = {isa = PBXBuildFile; fileRef = 5B6912371F4D3382009FC56F /* MASCompositeConstraint.m */; };
		5B6912511F4D3382009FC56F /* MASConstraint.m in Sources */ = {isa = PBXBuildFile; fileRef = 5B69123A1F4D3382009FC56F /* MASConstraint.m */; };
		5B6912521F4D3382009FC56F /* MASConstraintMaker.m in Sources */ = {isa = PBXBuildFile; fileRef = 5B69123C1F4D3382009FC56F /* MASConstraintMaker.m */; };
		5B6912531F4D3382009FC56F /* MASLayoutConstraint.m in Sources */ = {isa = PBXBuildFile; fileRef = 5B69123E1F4D3382009FC56F /* MASLayoutConstraint.m */; };
		5B6912541F4D3382009FC56F /* MASViewAttribute.m in Sources */ = {isa = PBXBuildFile; fileRef = 5B6912421F4D3382009FC56F /* MASViewAttribute.m */; };
		5B6912551F4D3382009FC56F /* MASViewConstraint.m in Sources */ = {isa = PBXBuildFile; fileRef = 5B6912441F4D3382009FC56F /* MASViewConstraint.m */; };
		5B6912561F4D3382009FC56F /* NSArray+MASAdditions.m in Sources */ = {isa = PBXBuildFile; fileRef = 5B6912461F4D3382009FC56F /* NSArray+MASAdditions.m */; };
		5B6912571F4D3382009FC56F /* NSLayoutConstraint+MASDebugAdditions.m in Sources */ = {isa = PBXBuildFile; fileRef = 5B6912491F4D3382009FC56F /* NSLayoutConstraint+MASDebugAdditions.m */; };
		5B6912581F4D3382009FC56F /* View+MASAdditions.m in Sources */ = {isa = PBXBuildFile; fileRef = 5B69124B1F4D3382009FC56F /* View+MASAdditions.m */; };
		5B6912591F4D3382009FC56F /* ViewController+MASAdditions.m in Sources */ = {isa = PBXBuildFile; fileRef = 5B69124E1F4D3382009FC56F /* ViewController+MASAdditions.m */; };
		5B69125C1F4D339E009FC56F /* ImageAndTitleBtn.m in Sources */ = {isa = PBXBuildFile; fileRef = 5B69125B1F4D339E009FC56F /* ImageAndTitleBtn.m */; };
		5B69125F1F4D33C9009FC56F /* OrderMineTableViewCell.m in Sources */ = {isa = PBXBuildFile; fileRef = 5B69125E1F4D33C9009FC56F /* OrderMineTableViewCell.m */; };
		5B6912611F4D5CDD009FC56F /* 返回.png in Resources */ = {isa = PBXBuildFile; fileRef = 5B6912601F4D5CDD009FC56F /* 返回.png */; };
/* End PBXBuildFile section */

/* Begin PBXContainerItemProxy section */
		5B2210861F4A76C000E0F227 /* PBXContainerItemProxy */ = {
			isa = PBXContainerItemProxy;
			containerPortal = 5B2210641F4A76BF00E0F227 /* Project object */;
			proxyType = 1;
			remoteGlobalIDString = 5B22106B1F4A76BF00E0F227;
			remoteInfo = TestDemo;
		};
		5B2210911F4A76C000E0F227 /* PBXContainerItemProxy */ = {
			isa = PBXContainerItemProxy;
			containerPortal = 5B2210641F4A76BF00E0F227 /* Project object */;
			proxyType = 1;
			remoteGlobalIDString = 5B22106B1F4A76BF00E0F227;
			remoteInfo = TestDemo;
		};
/* End PBXContainerItemProxy section */

/* Begin PBXFileReference section */
		5B22106C1F4A76BF00E0F227 /* TestDemo.app */ = {isa = PBXFileReference; explicitFileType = wrapper.application; includeInIndex = 0; path = TestDemo.app; sourceTree = BUILT_PRODUCTS_DIR; };
		5B2210701F4A76BF00E0F227 /* main.m */ = {isa = PBXFileReference; lastKnownFileType = sourcecode.c.objc; path = main.m; sourceTree = "<group>"; };
		5B2210721F4A76BF00E0F227 /* AppDelegate.h */ = {isa = PBXFileReference; lastKnownFileType = sourcecode.c.h; path = AppDelegate.h; sourceTree = "<group>"; };
		5B2210731F4A76BF00E0F227 /* AppDelegate.m */ = {isa = PBXFileReference; lastKnownFileType = sourcecode.c.objc; path = AppDelegate.m; sourceTree = "<group>"; };
		5B2210791F4A76BF00E0F227 /* Base */ = {isa = PBXFileReference; lastKnownFileType = file.storyboard; name = Base; path = Base.lproj/Main.storyboard; sourceTree = "<group>"; };
		5B22107B1F4A76BF00E0F227 /* Assets.xcassets */ = {isa = PBXFileReference; lastKnownFileType = folder.assetcatalog; path = Assets.xcassets; sourceTree = "<group>"; };
		5B22107E1F4A76BF00E0F227 /* Base */ = {isa = PBXFileReference; lastKnownFileType = file.storyboard; name = Base; path = Base.lproj/LaunchScreen.storyboard; sourceTree = "<group>"; };
		5B2210801F4A76BF00E0F227 /* Info.plist */ = {isa = PBXFileReference; lastKnownFileType = text.plist.xml; path = Info.plist; sourceTree = "<group>"; };
		5B2210851F4A76C000E0F227 /* TestDemoTests.xctest */ = {isa = PBXFileReference; explicitFileType = wrapper.cfbundle; includeInIndex = 0; path = TestDemoTests.xctest; sourceTree = BUILT_PRODUCTS_DIR; };
		5B2210891F4A76C000E0F227 /* TestDemoTests.m */ = {isa = PBXFileReference; lastKnownFileType = sourcecode.c.objc; path = TestDemoTests.m; sourceTree = "<group>"; };
		5B22108B1F4A76C000E0F227 /* Info.plist */ = {isa = PBXFileReference; lastKnownFileType = text.plist.xml; path = Info.plist; sourceTree = "<group>"; };
		5B2210901F4A76C000E0F227 /* TestDemoUITests.xctest */ = {isa = PBXFileReference; explicitFileType = wrapper.cfbundle; includeInIndex = 0; path = TestDemoUITests.xctest; sourceTree = BUILT_PRODUCTS_DIR; };
		5B2210941F4A76C000E0F227 /* TestDemoUITests.m */ = {isa = PBXFileReference; lastKnownFileType = sourcecode.c.objc; path = TestDemoUITests.m; sourceTree = "<group>"; };
		5B2210961F4A76C000E0F227 /* Info.plist */ = {isa = PBXFileReference; lastKnownFileType = text.plist.xml; path = Info.plist; sourceTree = "<group>"; };
		5B2210BC1F4AD0C900E0F227 /* AddressTableViewCell.h */ = {isa = PBXFileReference; fileEncoding = 4; lastKnownFileType = sourcecode.c.h; path = AddressTableViewCell.h; sourceTree = "<group>"; };
		5B2210BD1F4AD0C900E0F227 /* AddressTableViewCell.m */ = {isa = PBXFileReference; fileEncoding = 4; lastKnownFileType = sourcecode.c.objc; path = AddressTableViewCell.m; sourceTree = "<group>"; };
		5B2210BE1F4AD0C900E0F227 /* area.plist */ = {isa = PBXFileReference; fileEncoding = 4; lastKnownFileType = text.plist.xml; path = area.plist; sourceTree = "<group>"; };
		5B2210BF1F4AD0C900E0F227 /* AreaModel.h */ = {isa = PBXFileReference; fileEncoding = 4; lastKnownFileType = sourcecode.c.h; path = AreaModel.h; sourceTree = "<group>"; };
		5B2210C01F4AD0C900E0F227 /* AreaModel.m */ = {isa = PBXFileReference; fileEncoding = 4; lastKnownFileType = sourcecode.c.objc; path = AreaModel.m; sourceTree = "<group>"; };
		5B2210C11F4AD0C900E0F227 /* city.plist */ = {isa = PBXFileReference; fileEncoding = 4; lastKnownFileType = text.plist.xml; path = city.plist; sourceTree = "<group>"; };
		5B2210C21F4AD0C900E0F227 /* CityModel.h */ = {isa = PBXFileReference; fileEncoding = 4; lastKnownFileType = sourcecode.c.h; path = CityModel.h; sourceTree = "<group>"; };
		5B2210C31F4AD0C900E0F227 /* CityModel.m */ = {isa = PBXFileReference; fileEncoding = 4; lastKnownFileType = sourcecode.c.objc; path = CityModel.m; sourceTree = "<group>"; };
		5B2210C41F4AD0C900E0F227 /* DefaultAddressCell.h */ = {isa = PBXFileReference; fileEncoding = 4; lastKnownFileType = sourcecode.c.h; path = DefaultAddressCell.h; sourceTree = "<group>"; };
		5B2210C51F4AD0C900E0F227 /* DefaultAddressCell.m */ = {isa = PBXFileReference; fileEncoding = 4; lastKnownFileType = sourcecode.c.objc; path = DefaultAddressCell.m; sourceTree = "<group>"; };
		5B2210C61F4AD0C900E0F227 /* ProvinceModel.h */ = {isa = PBXFileReference; fileEncoding = 4; lastKnownFileType = sourcecode.c.h; path = ProvinceModel.h; sourceTree = "<group>"; };
		5B2210C71F4AD0C900E0F227 /* ProvinceModel.m */ = {isa = PBXFileReference; fileEncoding = 4; lastKnownFileType = sourcecode.c.objc; path = ProvinceModel.m; sourceTree = "<group>"; };
		5B2210C81F4AD0C900E0F227 /* ViewController.h */ = {isa = PBXFileReference; fileEncoding = 4; lastKnownFileType = sourcecode.c.h; name = ViewController.h; path = ../address/ViewController.h; sourceTree = "<group>"; };
		5B2210C91F4AD0C900E0F227 /* ViewController.m */ = {isa = PBXFileReference; fileEncoding = 4; lastKnownFileType = sourcecode.c.objc; name = ViewController.m; path = ../address/ViewController.m; sourceTree = "<group>"; };
		5B29C6891F4BBEDE00B2F4F0 /* MIneViewController.h */ = {isa = PBXFileReference; fileEncoding = 4; lastKnownFileType = sourcecode.c.h; name = MIneViewController.h; path = "../wode /MIneViewController.h"; sourceTree = "<group>"; };
		5B29C68A1F4BBEDE00B2F4F0 /* MIneViewController.m */ = {isa = PBXFileReference; fileEncoding = 4; lastKnownFileType = sourcecode.c.objc; name = MIneViewController.m; path = "../wode /MIneViewController.m"; sourceTree = "<group>"; };
		5B29C68E1F4BCD6500B2F4F0 /* 屏幕快照.png */ = {isa = PBXFileReference; lastKnownFileType = image.png; path = "屏幕快照.png"; sourceTree = "<group>"; };
		5B29C6941F4BCE9D00B2F4F0 /* NavigationController.h */ = {isa = PBXFileReference; fileEncoding = 4; lastKnownFileType = sourcecode.c.h; path = NavigationController.h; sourceTree = "<group>"; };
		5B29C6951F4BCE9D00B2F4F0 /* NavigationController.m */ = {isa = PBXFileReference; fileEncoding = 4; lastKnownFileType = sourcecode.c.objc; path = NavigationController.m; sourceTree = "<group>"; };
		5B29C6961F4BCE9D00B2F4F0 /* TabBarViewController.h */ = {isa = PBXFileReference; fileEncoding = 4; lastKnownFileType = sourcecode.c.h; path = TabBarViewController.h; sourceTree = "<group>"; };
		5B29C6971F4BCE9D00B2F4F0 /* TabBarViewController.m */ = {isa = PBXFileReference; fileEncoding = 4; lastKnownFileType = sourcecode.c.objc; path = TabBarViewController.m; sourceTree = "<group>"; };
		5B29C69A1F4BD9F800B2F4F0 /* ProfileViewController.h */ = {isa = PBXFileReference; fileEncoding = 4; lastKnownFileType = sourcecode.c.h; path = ProfileViewController.h; sourceTree = "<group>"; };
		5B29C69B1F4BD9F800B2F4F0 /* ProfileViewController.m */ = {isa = PBXFileReference; fileEncoding = 4; lastKnownFileType = sourcecode.c.objc; path = ProfileViewController.m; sourceTree = "<group>"; };
		5B63E9551F4E67100026ACD2 /* PersonalDataVC.h */ = {isa = PBXFileReference; fileEncoding = 4; lastKnownFileType = sourcecode.c.h; path = PersonalDataVC.h; sourceTree = "<group>"; };
		5B63E9561F4E67100026ACD2 /* PersonalDataVC.m */ = {isa = PBXFileReference; fileEncoding = 4; lastKnownFileType = sourcecode.c.objc; path = PersonalDataVC.m; sourceTree = "<group>"; };
		5B63E9581F4E7F890026ACD2 /* SettingViewController.h */ = {isa = PBXFileReference; fileEncoding = 4; lastKnownFileType = sourcecode.c.h; path = SettingViewController.h; sourceTree = "<group>"; };
		5B63E9591F4E7F890026ACD2 /* SettingViewController.m */ = {isa = PBXFileReference; fileEncoding = 4; lastKnownFileType = sourcecode.c.objc; path = SettingViewController.m; sourceTree = "<group>"; };
		5B6912301F4D2AEE009FC56F /* PrefixHeader.pch */ = {isa = PBXFileReference; lastKnownFileType = sourcecode.c.h; path = PrefixHeader.pch; sourceTree = "<group>"; };
		5B6912351F4D3382009FC56F /* Info.plist */ = {isa = PBXFileReference; fileEncoding = 4; lastKnownFileType = text.plist.xml; path = Info.plist; sourceTree = "<group>"; };
		5B6912361F4D3382009FC56F /* MASCompositeConstraint.h */ = {isa = PBXFileReference; fileEncoding = 4; lastKnownFileType = sourcecode.c.h; path = MASCompositeConstraint.h; sourceTree = "<group>"; };
		5B6912371F4D3382009FC56F /* MASCompositeConstraint.m */ = {isa = PBXFileReference; fileEncoding = 4; lastKnownFileType = sourcecode.c.objc; path = MASCompositeConstraint.m; sourceTree = "<group>"; };
		5B6912381F4D3382009FC56F /* MASConstraint+Private.h */ = {isa = PBXFileReference; fileEncoding = 4; lastKnownFileType = sourcecode.c.h; path = "MASConstraint+Private.h"; sourceTree = "<group>"; };
		5B6912391F4D3382009FC56F /* MASConstraint.h */ = {isa = PBXFileReference; fileEncoding = 4; lastKnownFileType = sourcecode.c.h; path = MASConstraint.h; sourceTree = "<group>"; };
		5B69123A1F4D3382009FC56F /* MASConstraint.m */ = {isa = PBXFileReference; fileEncoding = 4; lastKnownFileType = sourcecode.c.objc; path = MASConstraint.m; sourceTree = "<group>"; };
		5B69123B1F4D3382009FC56F /* MASConstraintMaker.h */ = {isa = PBXFileReference; fileEncoding = 4; lastKnownFileType = sourcecode.c.h; path = MASConstraintMaker.h; sourceTree = "<group>"; };
		5B69123C1F4D3382009FC56F /* MASConstraintMaker.m */ = {isa = PBXFileReference; fileEncoding = 4; lastKnownFileType = sourcecode.c.objc; path = MASConstraintMaker.m; sourceTree = "<group>"; };
		5B69123D1F4D3382009FC56F /* MASLayoutConstraint.h */ = {isa = PBXFileReference; fileEncoding = 4; lastKnownFileType = sourcecode.c.h; path = MASLayoutConstraint.h; sourceTree = "<group>"; };
		5B69123E1F4D3382009FC56F /* MASLayoutConstraint.m */ = {isa = PBXFileReference; fileEncoding = 4; lastKnownFileType = sourcecode.c.objc; path = MASLayoutConstraint.m; sourceTree = "<group>"; };
		5B69123F1F4D3382009FC56F /* Masonry.h */ = {isa = PBXFileReference; fileEncoding = 4; lastKnownFileType = sourcecode.c.h; path = Masonry.h; sourceTree = "<group>"; };
		5B6912401F4D3382009FC56F /* MASUtilities.h */ = {isa = PBXFileReference; fileEncoding = 4; lastKnownFileType = sourcecode.c.h; path = MASUtilities.h; sourceTree = "<group>"; };
		5B6912411F4D3382009FC56F /* MASViewAttribute.h */ = {isa = PBXFileReference; fileEncoding = 4; lastKnownFileType = sourcecode.c.h; path = MASViewAttribute.h; sourceTree = "<group>"; };
		5B6912421F4D3382009FC56F /* MASViewAttribute.m */ = {isa = PBXFileReference; fileEncoding = 4; lastKnownFileType = sourcecode.c.objc; path = MASViewAttribute.m; sourceTree = "<group>"; };
		5B6912431F4D3382009FC56F /* MASViewConstraint.h */ = {isa = PBXFileReference; fileEncoding = 4; lastKnownFileType = sourcecode.c.h; path = MASViewConstraint.h; sourceTree = "<group>"; };
		5B6912441F4D3382009FC56F /* MASViewConstraint.m */ = {isa = PBXFileReference; fileEncoding = 4; lastKnownFileType = sourcecode.c.objc; path = MASViewConstraint.m; sourceTree = "<group>"; };
		5B6912451F4D3382009FC56F /* NSArray+MASAdditions.h */ = {isa = PBXFileReference; fileEncoding = 4; lastKnownFileType = sourcecode.c.h; path = "NSArray+MASAdditions.h"; sourceTree = "<group>"; };
		5B6912461F4D3382009FC56F /* NSArray+MASAdditions.m */ = {isa = PBXFileReference; fileEncoding = 4; lastKnownFileType = sourcecode.c.objc; path = "NSArray+MASAdditions.m"; sourceTree = "<group>"; };
		5B6912471F4D3382009FC56F /* NSArray+MASShorthandAdditions.h */ = {isa = PBXFileReference; fileEncoding = 4; lastKnownFileType = sourcecode.c.h; path = "NSArray+MASShorthandAdditions.h"; sourceTree = "<group>"; };
		5B6912481F4D3382009FC56F /* NSLayoutConstraint+MASDebugAdditions.h */ = {isa = PBXFileReference; fileEncoding = 4; lastKnownFileType = sourcecode.c.h; path = "NSLayoutConstraint+MASDebugAdditions.h"; sourceTree = "<group>"; };
		5B6912491F4D3382009FC56F /* NSLayoutConstraint+MASDebugAdditions.m */ = {isa = PBXFileReference; fileEncoding = 4; lastKnownFileType = sourcecode.c.objc; path = "NSLayoutConstraint+MASDebugAdditions.m"; sourceTree = "<group>"; };
		5B69124A1F4D3382009FC56F /* View+MASAdditions.h */ = {isa = PBXFileReference; fileEncoding = 4; lastKnownFileType = sourcecode.c.h; path = "View+MASAdditions.h"; sourceTree = "<group>"; };
		5B69124B1F4D3382009FC56F /* View+MASAdditions.m */ = {isa = PBXFileReference; fileEncoding = 4; lastKnownFileType = sourcecode.c.objc; path = "View+MASAdditions.m"; sourceTree = "<group>"; };
		5B69124C1F4D3382009FC56F /* View+MASShorthandAdditions.h */ = {isa = PBXFileReference; fileEncoding = 4; lastKnownFileType = sourcecode.c.h; path = "View+MASShorthandAdditions.h"; sourceTree = "<group>"; };
		5B69124D1F4D3382009FC56F /* ViewController+MASAdditions.h */ = {isa = PBXFileReference; fileEncoding = 4; lastKnownFileType = sourcecode.c.h; path = "ViewController+MASAdditions.h"; sourceTree = "<group>"; };
		5B69124E1F4D3382009FC56F /* ViewController+MASAdditions.m */ = {isa = PBXFileReference; fileEncoding = 4; lastKnownFileType = sourcecode.c.objc; path = "ViewController+MASAdditions.m"; sourceTree = "<group>"; };
		5B69125A1F4D339E009FC56F /* ImageAndTitleBtn.h */ = {isa = PBXFileReference; fileEncoding = 4; lastKnownFileType = sourcecode.c.h; path = ImageAndTitleBtn.h; sourceTree = "<group>"; };
		5B69125B1F4D339E009FC56F /* ImageAndTitleBtn.m */ = {isa = PBXFileReference; fileEncoding = 4; lastKnownFileType = sourcecode.c.objc; path = ImageAndTitleBtn.m; sourceTree = "<group>"; };
		5B69125D1F4D33C9009FC56F /* OrderMineTableViewCell.h */ = {isa = PBXFileReference; fileEncoding = 4; lastKnownFileType = sourcecode.c.h; path = OrderMineTableViewCell.h; sourceTree = "<group>"; };
		5B69125E1F4D33C9009FC56F /* OrderMineTableViewCell.m */ = {isa = PBXFileReference; fileEncoding = 4; lastKnownFileType = sourcecode.c.objc; path = OrderMineTableViewCell.m; sourceTree = "<group>"; };
		5B6912601F4D5CDD009FC56F /* 返回.png */ = {isa = PBXFileReference; lastKnownFileType = image.png; path = "返回.png"; sourceTree = "<group>"; };
/* End PBXFileReference section */

/* Begin PBXFrameworksBuildPhase section */
		5B2210691F4A76BF00E0F227 /* Frameworks */ = {
			isa = PBXFrameworksBuildPhase;
			buildActionMask = 2147483647;
			files = (
			);
			runOnlyForDeploymentPostprocessing = 0;
		};
		5B2210821F4A76C000E0F227 /* Frameworks */ = {
			isa = PBXFrameworksBuildPhase;
			buildActionMask = 2147483647;
			files = (
			);
			runOnlyForDeploymentPostprocessing = 0;
		};
		5B22108D1F4A76C000E0F227 /* Frameworks */ = {
			isa = PBXFrameworksBuildPhase;
			buildActionMask = 2147483647;
			files = (
			);
			runOnlyForDeploymentPostprocessing = 0;
		};
/* End PBXFrameworksBuildPhase section */

/* Begin PBXGroup section */
		5B2210631F4A76BF00E0F227 = {
			isa = PBXGroup;
			children = (
				5B22106E1F4A76BF00E0F227 /* TestDemo */,
				5B2210881F4A76C000E0F227 /* TestDemoTests */,
				5B2210931F4A76C000E0F227 /* TestDemoUITests */,
				5B22106D1F4A76BF00E0F227 /* Products */,
			);
			sourceTree = "<group>";
		};
		5B22106D1F4A76BF00E0F227 /* Products */ = {
			isa = PBXGroup;
			children = (
				5B22106C1F4A76BF00E0F227 /* TestDemo.app */,
				5B2210851F4A76C000E0F227 /* TestDemoTests.xctest */,
				5B2210901F4A76C000E0F227 /* TestDemoUITests.xctest */,
			);
			name = Products;
			sourceTree = "<group>";
		};
		5B22106E1F4A76BF00E0F227 /* TestDemo */ = {
			isa = PBXGroup;
			children = (
				5B6912341F4D3382009FC56F /* Masonry */,
				5B2210D21F4AD37A00E0F227 /* wode  */,
				5B2210BB1F4ACE9E00E0F227 /* address */,
				5B2210721F4A76BF00E0F227 /* AppDelegate.h */,
				5B2210731F4A76BF00E0F227 /* AppDelegate.m */,
				5B29C6931F4BCE9D00B2F4F0 /* TabBar */,
				5B2210781F4A76BF00E0F227 /* Main.storyboard */,
				5B22107B1F4A76BF00E0F227 /* Assets.xcassets */,
				5B22107D1F4A76BF00E0F227 /* LaunchScreen.storyboard */,
				5B2210801F4A76BF00E0F227 /* Info.plist */,
				5B22106F1F4A76BF00E0F227 /* Supporting Files */,
				5B6912301F4D2AEE009FC56F /* PrefixHeader.pch */,
			);
			path = TestDemo;
			sourceTree = "<group>";
		};
		5B22106F1F4A76BF00E0F227 /* Supporting Files */ = {
			isa = PBXGroup;
			children = (
				5B2210701F4A76BF00E0F227 /* main.m */,
			);
			name = "Supporting Files";
			sourceTree = "<group>";
		};
		5B2210881F4A76C000E0F227 /* TestDemoTests */ = {
			isa = PBXGroup;
			children = (
				5B2210891F4A76C000E0F227 /* TestDemoTests.m */,
				5B22108B1F4A76C000E0F227 /* Info.plist */,
			);
			path = TestDemoTests;
			sourceTree = "<group>";
		};
		5B2210931F4A76C000E0F227 /* TestDemoUITests */ = {
			isa = PBXGroup;
			children = (
				5B2210941F4A76C000E0F227 /* TestDemoUITests.m */,
				5B2210961F4A76C000E0F227 /* Info.plist */,
			);
			path = TestDemoUITests;
			sourceTree = "<group>";
		};
		5B2210BB1F4ACE9E00E0F227 /* address */ = {
			isa = PBXGroup;
			children = (
				5B2210BC1F4AD0C900E0F227 /* AddressTableViewCell.h */,
				5B2210BD1F4AD0C900E0F227 /* AddressTableViewCell.m */,
				5B2210BE1F4AD0C900E0F227 /* area.plist */,
				5B2210BF1F4AD0C900E0F227 /* AreaModel.h */,
				5B2210C01F4AD0C900E0F227 /* AreaModel.m */,
				5B2210C11F4AD0C900E0F227 /* city.plist */,
				5B2210C21F4AD0C900E0F227 /* CityModel.h */,
				5B2210C31F4AD0C900E0F227 /* CityModel.m */,
				5B2210C41F4AD0C900E0F227 /* DefaultAddressCell.h */,
				5B2210C51F4AD0C900E0F227 /* DefaultAddressCell.m */,
				5B2210C61F4AD0C900E0F227 /* ProvinceModel.h */,
				5B2210C71F4AD0C900E0F227 /* ProvinceModel.m */,
				5B29C6891F4BBEDE00B2F4F0 /* MIneViewController.h */,
				5B29C68A1F4BBEDE00B2F4F0 /* MIneViewController.m */,
			);
			path = address;
			sourceTree = "<group>";
		};
		5B2210D21F4AD37A00E0F227 /* wode  */ = {
			isa = PBXGroup;
			children = (
				5B6912601F4D5CDD009FC56F /* 返回.png */,
				5B29C68E1F4BCD6500B2F4F0 /* 屏幕快照.png */,
				5B2210C81F4AD0C900E0F227 /* ViewController.h */,
				5B2210C91F4AD0C900E0F227 /* ViewController.m */,
				5B29C69A1F4BD9F800B2F4F0 /* ProfileViewController.h */,
				5B29C69B1F4BD9F800B2F4F0 /* ProfileViewController.m */,
				5B69125D1F4D33C9009FC56F /* OrderMineTableViewCell.h */,
				5B69125E1F4D33C9009FC56F /* OrderMineTableViewCell.m */,
				5B69125A1F4D339E009FC56F /* ImageAndTitleBtn.h */,
				5B69125B1F4D339E009FC56F /* ImageAndTitleBtn.m */,
				5B63E9551F4E67100026ACD2 /* PersonalDataVC.h */,
				5B63E9561F4E67100026ACD2 /* PersonalDataVC.m */,
				5B63E9581F4E7F890026ACD2 /* SettingViewController.h */,
				5B63E9591F4E7F890026ACD2 /* SettingViewController.m */,
			);
			path = "wode ";
			sourceTree = "<group>";
		};
		5B29C6931F4BCE9D00B2F4F0 /* TabBar */ = {
			isa = PBXGroup;
			children = (
				5B29C6941F4BCE9D00B2F4F0 /* NavigationController.h */,
				5B29C6951F4BCE9D00B2F4F0 /* NavigationController.m */,
				5B29C6961F4BCE9D00B2F4F0 /* TabBarViewController.h */,
				5B29C6971F4BCE9D00B2F4F0 /* TabBarViewController.m */,
			);
			path = TabBar;
			sourceTree = "<group>";
		};
		5B6912341F4D3382009FC56F /* Masonry */ = {
			isa = PBXGroup;
			children = (
				5B6912351F4D3382009FC56F /* Info.plist */,
				5B6912361F4D3382009FC56F /* MASCompositeConstraint.h */,
				5B6912371F4D3382009FC56F /* MASCompositeConstraint.m */,
				5B6912381F4D3382009FC56F /* MASConstraint+Private.h */,
				5B6912391F4D3382009FC56F /* MASConstraint.h */,
				5B69123A1F4D3382009FC56F /* MASConstraint.m */,
				5B69123B1F4D3382009FC56F /* MASConstraintMaker.h */,
				5B69123C1F4D3382009FC56F /* MASConstraintMaker.m */,
				5B69123D1F4D3382009FC56F /* MASLayoutConstraint.h */,
				5B69123E1F4D3382009FC56F /* MASLayoutConstraint.m */,
				5B69123F1F4D3382009FC56F /* Masonry.h */,
				5B6912401F4D3382009FC56F /* MASUtilities.h */,
				5B6912411F4D3382009FC56F /* MASViewAttribute.h */,
				5B6912421F4D3382009FC56F /* MASViewAttribute.m */,
				5B6912431F4D3382009FC56F /* MASViewConstraint.h */,
				5B6912441F4D3382009FC56F /* MASViewConstraint.m */,
				5B6912451F4D3382009FC56F /* NSArray+MASAdditions.h */,
				5B6912461F4D3382009FC56F /* NSArray+MASAdditions.m */,
				5B6912471F4D3382009FC56F /* NSArray+MASShorthandAdditions.h */,
				5B6912481F4D3382009FC56F /* NSLayoutConstraint+MASDebugAdditions.h */,
				5B6912491F4D3382009FC56F /* NSLayoutConstraint+MASDebugAdditions.m */,
				5B69124A1F4D3382009FC56F /* View+MASAdditions.h */,
				5B69124B1F4D3382009FC56F /* View+MASAdditions.m */,
				5B69124C1F4D3382009FC56F /* View+MASShorthandAdditions.h */,
				5B69124D1F4D3382009FC56F /* ViewController+MASAdditions.h */,
				5B69124E1F4D3382009FC56F /* ViewController+MASAdditions.m */,
			);
			path = Masonry;
			sourceTree = "<group>";
		};
/* End PBXGroup section */

/* Begin PBXNativeTarget section */
		5B22106B1F4A76BF00E0F227 /* TestDemo */ = {
			isa = PBXNativeTarget;
			buildConfigurationList = 5B2210991F4A76C000E0F227 /* Build configuration list for PBXNativeTarget "TestDemo" */;
			buildPhases = (
				5B2210681F4A76BF00E0F227 /* Sources */,
				5B2210691F4A76BF00E0F227 /* Frameworks */,
				5B22106A1F4A76BF00E0F227 /* Resources */,
			);
			buildRules = (
			);
			dependencies = (
			);
			name = TestDemo;
			productName = TestDemo;
			productReference = 5B22106C1F4A76BF00E0F227 /* TestDemo.app */;
			productType = "com.apple.product-type.application";
		};
		5B2210841F4A76C000E0F227 /* TestDemoTests */ = {
			isa = PBXNativeTarget;
			buildConfigurationList = 5B22109C1F4A76C000E0F227 /* Build configuration list for PBXNativeTarget "TestDemoTests" */;
			buildPhases = (
				5B2210811F4A76C000E0F227 /* Sources */,
				5B2210821F4A76C000E0F227 /* Frameworks */,
				5B2210831F4A76C000E0F227 /* Resources */,
			);
			buildRules = (
			);
			dependencies = (
				5B2210871F4A76C000E0F227 /* PBXTargetDependency */,
			);
			name = TestDemoTests;
			productName = TestDemoTests;
			productReference = 5B2210851F4A76C000E0F227 /* TestDemoTests.xctest */;
			productType = "com.apple.product-type.bundle.unit-test";
		};
		5B22108F1F4A76C000E0F227 /* TestDemoUITests */ = {
			isa = PBXNativeTarget;
			buildConfigurationList = 5B22109F1F4A76C000E0F227 /* Build configuration list for PBXNativeTarget "TestDemoUITests" */;
			buildPhases = (
				5B22108C1F4A76C000E0F227 /* Sources */,
				5B22108D1F4A76C000E0F227 /* Frameworks */,
				5B22108E1F4A76C000E0F227 /* Resources */,
			);
			buildRules = (
			);
			dependencies = (
				5B2210921F4A76C000E0F227 /* PBXTargetDependency */,
			);
			name = TestDemoUITests;
			productName = TestDemoUITests;
			productReference = 5B2210901F4A76C000E0F227 /* TestDemoUITests.xctest */;
			productType = "com.apple.product-type.bundle.ui-testing";
		};
/* End PBXNativeTarget section */

/* Begin PBXProject section */
		5B2210641F4A76BF00E0F227 /* Project object */ = {
			isa = PBXProject;
			attributes = {
				LastUpgradeCheck = 0830;
				ORGANIZATIONNAME = "曹进龙";
				TargetAttributes = {
					5B22106B1F4A76BF00E0F227 = {
						CreatedOnToolsVersion = 8.3.3;
						DevelopmentTeam = P2H64DHXN2;
						ProvisioningStyle = Automatic;
					};
					5B2210841F4A76C000E0F227 = {
						CreatedOnToolsVersion = 8.3.3;
						ProvisioningStyle = Automatic;
						TestTargetID = 5B22106B1F4A76BF00E0F227;
					};
					5B22108F1F4A76C000E0F227 = {
						CreatedOnToolsVersion = 8.3.3;
						ProvisioningStyle = Automatic;
						TestTargetID = 5B22106B1F4A76BF00E0F227;
					};
				};
			};
			buildConfigurationList = 5B2210671F4A76BF00E0F227 /* Build configuration list for PBXProject "TestDemo" */;
			compatibilityVersion = "Xcode 3.2";
			developmentRegion = English;
			hasScannedForEncodings = 0;
			knownRegions = (
				en,
				Base,
			);
			mainGroup = 5B2210631F4A76BF00E0F227;
			productRefGroup = 5B22106D1F4A76BF00E0F227 /* Products */;
			projectDirPath = "";
			projectRoot = "";
			targets = (
				5B22106B1F4A76BF00E0F227 /* TestDemo */,
				5B2210841F4A76C000E0F227 /* TestDemoTests */,
				5B22108F1F4A76C000E0F227 /* TestDemoUITests */,
			);
		};
/* End PBXProject section */

/* Begin PBXResourcesBuildPhase section */
		5B22106A1F4A76BF00E0F227 /* Resources */ = {
			isa = PBXResourcesBuildPhase;
			buildActionMask = 2147483647;
			files = (
				5B22107F1F4A76BF00E0F227 /* LaunchScreen.storyboard in Resources */,
				5B2210CB1F4AD0C900E0F227 /* area.plist in Resources */,
				5B2210CD1F4AD0C900E0F227 /* city.plist in Resources */,
				5B6912611F4D5CDD009FC56F /* 返回.png in Resources */,
				5B22107C1F4A76BF00E0F227 /* Assets.xcassets in Resources */,
				5B29C68F1F4BCD6500B2F4F0 /* 屏幕快照.png in Resources */,
				5B22107A1F4A76BF00E0F227 /* Main.storyboard in Resources */,
				5B69124F1F4D3382009FC56F /* Info.plist in Resources */,
			);
			runOnlyForDeploymentPostprocessing = 0;
		};
		5B2210831F4A76C000E0F227 /* Resources */ = {
			isa = PBXResourcesBuildPhase;
			buildActionMask = 2147483647;
			files = (
			);
			runOnlyForDeploymentPostprocessing = 0;
		};
		5B22108E1F4A76C000E0F227 /* Resources */ = {
			isa = PBXResourcesBuildPhase;
			buildActionMask = 2147483647;
			files = (
			);
			runOnlyForDeploymentPostprocessing = 0;
		};
/* End PBXResourcesBuildPhase section */

/* Begin PBXSourcesBuildPhase section */
		5B2210681F4A76BF00E0F227 /* Sources */ = {
			isa = PBXSourcesBuildPhase;
			buildActionMask = 2147483647;
			files = (
				5B2210CC1F4AD0C900E0F227 /* AreaModel.m in Sources */,
				5B6912561F4D3382009FC56F /* NSArray+MASAdditions.m in Sources */,
				5B2210CA1F4AD0C900E0F227 /* AddressTableViewCell.m in Sources */,
				5B6912571F4D3382009FC56F /* NSLayoutConstraint+MASDebugAdditions.m in Sources */,
				5B2210D11F4AD0C900E0F227 /* ViewController.m in Sources */,
				5B2210741F4A76BF00E0F227 /* AppDelegate.m in Sources */,
				5B6912541F4D3382009FC56F /* MASViewAttribute.m in Sources */,
				5B6912531F4D3382009FC56F /* MASLayoutConstraint.m in Sources */,
				5B6912501F4D3382009FC56F /* MASCompositeConstraint.m in Sources */,
				5B2210711F4A76BF00E0F227 /* main.m in Sources */,
				5B63E9571F4E67100026ACD2 /* PersonalDataVC.m in Sources */,
				5B29C68B1F4BBEDE00B2F4F0 /* MIneViewController.m in Sources */,
				5B69125F1F4D33C9009FC56F /* OrderMineTableViewCell.m in Sources */,
				5B6912551F4D3382009FC56F /* MASViewConstraint.m in Sources */,
				5B2210D01F4AD0C900E0F227 /* ProvinceModel.m in Sources */,
				5B63E95A1F4E7F890026ACD2 /* SettingViewController.m in Sources */,
				5B29C6991F4BCE9D00B2F4F0 /* TabBarViewController.m in Sources */,
				5B29C6981F4BCE9D00B2F4F0 /* NavigationController.m in Sources */,
				5B2210CF1F4AD0C900E0F227 /* DefaultAddressCell.m in Sources */,
				5B6912591F4D3382009FC56F /* ViewController+MASAdditions.m in Sources */,
				5B6912521F4D3382009FC56F /* MASConstraintMaker.m in Sources */,
				5B69125C1F4D339E009FC56F /* ImageAndTitleBtn.m in Sources */,
				5B29C69C1F4BD9F800B2F4F0 /* ProfileViewController.m in Sources */,
				5B6912511F4D3382009FC56F /* MASConstraint.m in Sources */,
				5B2210CE1F4AD0C900E0F227 /* CityModel.m in Sources */,
				5B6912581F4D3382009FC56F /* View+MASAdditions.m in Sources */,
			);
			runOnlyForDeploymentPostprocessing = 0;
		};
		5B2210811F4A76C000E0F227 /* Sources */ = {
			isa = PBXSourcesBuildPhase;
			buildActionMask = 2147483647;
			files = (
				5B22108A1F4A76C000E0F227 /* TestDemoTests.m in Sources */,
			);
			runOnlyForDeploymentPostprocessing = 0;
		};
		5B22108C1F4A76C000E0F227 /* Sources */ = {
			isa = PBXSourcesBuildPhase;
			buildActionMask = 2147483647;
			files = (
				5B2210951F4A76C000E0F227 /* TestDemoUITests.m in Sources */,
			);
			runOnlyForDeploymentPostprocessing = 0;
		};
/* End PBXSourcesBuildPhase section */

/* Begin PBXTargetDependency section */
		5B2210871F4A76C000E0F227 /* PBXTargetDependency */ = {
			isa = PBXTargetDependency;
			target = 5B22106B1F4A76BF00E0F227 /* TestDemo */;
			targetProxy = 5B2210861F4A76C000E0F227 /* PBXContainerItemProxy */;
		};
		5B2210921F4A76C000E0F227 /* PBXTargetDependency */ = {
			isa = PBXTargetDependency;
			target = 5B22106B1F4A76BF00E0F227 /* TestDemo */;
			targetProxy = 5B2210911F4A76C000E0F227 /* PBXContainerItemProxy */;
		};
/* End PBXTargetDependency section */

/* Begin PBXVariantGroup section */
		5B2210781F4A76BF00E0F227 /* Main.storyboard */ = {
			isa = PBXVariantGroup;
			children = (
				5B2210791F4A76BF00E0F227 /* Base */,
			);
			name = Main.storyboard;
			sourceTree = "<group>";
		};
		5B22107D1F4A76BF00E0F227 /* LaunchScreen.storyboard */ = {
			isa = PBXVariantGroup;
			children = (
				5B22107E1F4A76BF00E0F227 /* Base */,
			);
			name = LaunchScreen.storyboard;
			sourceTree = "<group>";
		};
/* End PBXVariantGroup section */

/* Begin XCBuildConfiguration section */
		5B2210971F4A76C000E0F227 /* Debug */ = {
			isa = XCBuildConfiguration;
			buildSettings = {
				ALWAYS_SEARCH_USER_PATHS = NO;
				CLANG_ANALYZER_NONNULL = YES;
				CLANG_ANALYZER_NUMBER_OBJECT_CONVERSION = YES_AGGRESSIVE;
				CLANG_CXX_LANGUAGE_STANDARD = "gnu++0x";
				CLANG_CXX_LIBRARY = "libc++";
				CLANG_ENABLE_MODULES = YES;
				CLANG_ENABLE_OBJC_ARC = YES;
				CLANG_WARN_BOOL_CONVERSION = YES;
				CLANG_WARN_CONSTANT_CONVERSION = YES;
				CLANG_WARN_DIRECT_OBJC_ISA_USAGE = YES_ERROR;
				CLANG_WARN_DOCUMENTATION_COMMENTS = YES;
				CLANG_WARN_EMPTY_BODY = YES;
				CLANG_WARN_ENUM_CONVERSION = YES;
				CLANG_WARN_INFINITE_RECURSION = YES;
				CLANG_WARN_INT_CONVERSION = YES;
				CLANG_WARN_OBJC_ROOT_CLASS = YES_ERROR;
				CLANG_WARN_SUSPICIOUS_MOVE = YES;
				CLANG_WARN_UNREACHABLE_CODE = YES;
				CLANG_WARN__DUPLICATE_METHOD_MATCH = YES;
				"CODE_SIGN_IDENTITY[sdk=iphoneos*]" = "iPhone Developer";
				COPY_PHASE_STRIP = NO;
				DEBUG_INFORMATION_FORMAT = dwarf;
				ENABLE_STRICT_OBJC_MSGSEND = YES;
				ENABLE_TESTABILITY = YES;
				GCC_C_LANGUAGE_STANDARD = gnu99;
				GCC_DYNAMIC_NO_PIC = NO;
				GCC_NO_COMMON_BLOCKS = YES;
				GCC_OPTIMIZATION_LEVEL = 0;
				GCC_PREPROCESSOR_DEFINITIONS = (
					"DEBUG=1",
					"$(inherited)",
				);
				GCC_WARN_64_TO_32_BIT_CONVERSION = YES;
				GCC_WARN_ABOUT_RETURN_TYPE = YES_ERROR;
				GCC_WARN_UNDECLARED_SELECTOR = YES;
				GCC_WARN_UNINITIALIZED_AUTOS = YES_AGGRESSIVE;
				GCC_WARN_UNUSED_FUNCTION = YES;
				GCC_WARN_UNUSED_VARIABLE = YES;
				IPHONEOS_DEPLOYMENT_TARGET = 10.3;
				MTL_ENABLE_DEBUG_INFO = YES;
				ONLY_ACTIVE_ARCH = YES;
				SDKROOT = iphoneos;
			};
			name = Debug;
		};
		5B2210981F4A76C000E0F227 /* Release */ = {
			isa = XCBuildConfiguration;
			buildSettings = {
				ALWAYS_SEARCH_USER_PATHS = NO;
				CLANG_ANALYZER_NONNULL = YES;
				CLANG_ANALYZER_NUMBER_OBJECT_CONVERSION = YES_AGGRESSIVE;
				CLANG_CXX_LANGUAGE_STANDARD = "gnu++0x";
				CLANG_CXX_LIBRARY = "libc++";
				CLANG_ENABLE_MODULES = YES;
				CLANG_ENABLE_OBJC_ARC = YES;
				CLANG_WARN_BOOL_CONVERSION = YES;
				CLANG_WARN_CONSTANT_CONVERSION = YES;
				CLANG_WARN_DIRECT_OBJC_ISA_USAGE = YES_ERROR;
				CLANG_WARN_DOCUMENTATION_COMMENTS = YES;
				CLANG_WARN_EMPTY_BODY = YES;
				CLANG_WARN_ENUM_CONVERSION = YES;
				CLANG_WARN_INFINITE_RECURSION = YES;
				CLANG_WARN_INT_CONVERSION = YES;
				CLANG_WARN_OBJC_ROOT_CLASS = YES_ERROR;
				CLANG_WARN_SUSPICIOUS_MOVE = YES;
				CLANG_WARN_UNREACHABLE_CODE = YES;
				CLANG_WARN__DUPLICATE_METHOD_MATCH = YES;
				"CODE_SIGN_IDENTITY[sdk=iphoneos*]" = "iPhone Developer";
				COPY_PHASE_STRIP = NO;
				DEBUG_INFORMATION_FORMAT = "dwarf-with-dsym";
				ENABLE_NS_ASSERTIONS = NO;
				ENABLE_STRICT_OBJC_MSGSEND = YES;
				GCC_C_LANGUAGE_STANDARD = gnu99;
				GCC_NO_COMMON_BLOCKS = YES;
				GCC_WARN_64_TO_32_BIT_CONVERSION = YES;
				GCC_WARN_ABOUT_RETURN_TYPE = YES_ERROR;
				GCC_WARN_UNDECLARED_SELECTOR = YES;
				GCC_WARN_UNINITIALIZED_AUTOS = YES_AGGRESSIVE;
				GCC_WARN_UNUSED_FUNCTION = YES;
				GCC_WARN_UNUSED_VARIABLE = YES;
				IPHONEOS_DEPLOYMENT_TARGET = 10.3;
				MTL_ENABLE_DEBUG_INFO = NO;
				SDKROOT = iphoneos;
				VALIDATE_PRODUCT = YES;
			};
			name = Release;
		};
		5B22109A1F4A76C000E0F227 /* Debug */ = {
			isa = XCBuildConfiguration;
			buildSettings = {
				ASSETCATALOG_COMPILER_APPICON_NAME = AppIcon;
				DEVELOPMENT_TEAM = P2H64DHXN2;
				GCC_PREFIX_HEADER = "$(SRCROOT)/TestDemo/PrefixHeader.pch";
				INFOPLIST_FILE = TestDemo/Info.plist;
				IPHONEOS_DEPLOYMENT_TARGET = 8.0;
				LD_RUNPATH_SEARCH_PATHS = "$(inherited) @executable_path/Frameworks";
				OTHER_LDFLAGS = "-ObjC";
				PRODUCT_BUNDLE_IDENTIFIER = com.DeQiZhiNeng.TestDemo;
				PRODUCT_NAME = "$(TARGET_NAME)";
			};
			name = Debug;
		};
		5B22109B1F4A76C000E0F227 /* Release */ = {
			isa = XCBuildConfiguration;
			buildSettings = {
				ASSETCATALOG_COMPILER_APPICON_NAME = AppIcon;
				DEVELOPMENT_TEAM = P2H64DHXN2;
				GCC_PREFIX_HEADER = "$(SRCROOT)/TestDemo/PrefixHeader.pch";
				INFOPLIST_FILE = TestDemo/Info.plist;
				IPHONEOS_DEPLOYMENT_TARGET = 8.0;
				LD_RUNPATH_SEARCH_PATHS = "$(inherited) @executable_path/Frameworks";
				OTHER_LDFLAGS = "-ObjC";
				PRODUCT_BUNDLE_IDENTIFIER = com.DeQiZhiNeng.TestDemo;
				PRODUCT_NAME = "$(TARGET_NAME)";
			};
			name = Release;
		};
		5B22109D1F4A76C000E0F227 /* Debug */ = {
			isa = XCBuildConfiguration;
			buildSettings = {
				BUNDLE_LOADER = "$(TEST_HOST)";
				INFOPLIST_FILE = TestDemoTests/Info.plist;
				LD_RUNPATH_SEARCH_PATHS = "$(inherited) @executable_path/Frameworks @loader_path/Frameworks";
				PRODUCT_BUNDLE_IDENTIFIER = com.DeQiZhiNeng.TestDemoTests;
				PRODUCT_NAME = "$(TARGET_NAME)";
				TEST_HOST = "$(BUILT_PRODUCTS_DIR)/TestDemo.app/TestDemo";
			};
			name = Debug;
		};
		5B22109E1F4A76C000E0F227 /* Release */ = {
			isa = XCBuildConfiguration;
			buildSettings = {
				BUNDLE_LOADER = "$(TEST_HOST)";
				INFOPLIST_FILE = TestDemoTests/Info.plist;
				LD_RUNPATH_SEARCH_PATHS = "$(inherited) @executable_path/Frameworks @loader_path/Frameworks";
				PRODUCT_BUNDLE_IDENTIFIER = com.DeQiZhiNeng.TestDemoTests;
				PRODUCT_NAME = "$(TARGET_NAME)";
				TEST_HOST = "$(BUILT_PRODUCTS_DIR)/TestDemo.app/TestDemo";
			};
			name = Release;
		};
		5B2210A01F4A76C000E0F227 /* Debug */ = {
			isa = XCBuildConfiguration;
			buildSettings = {
				INFOPLIST_FILE = TestDemoUITests/Info.plist;
				LD_RUNPATH_SEARCH_PATHS = "$(inherited) @executable_path/Frameworks @loader_path/Frameworks";
				PRODUCT_BUNDLE_IDENTIFIER = com.DeQiZhiNeng.TestDemoUITests;
				PRODUCT_NAME = "$(TARGET_NAME)";
				TEST_TARGET_NAME = TestDemo;
			};
			name = Debug;
		};
		5B2210A11F4A76C000E0F227 /* Release */ = {
			isa = XCBuildConfiguration;
			buildSettings = {
				INFOPLIST_FILE = TestDemoUITests/Info.plist;
				LD_RUNPATH_SEARCH_PATHS = "$(inherited) @executable_path/Frameworks @loader_path/Frameworks";
				PRODUCT_BUNDLE_IDENTIFIER = com.DeQiZhiNeng.TestDemoUITests;
				PRODUCT_NAME = "$(TARGET_NAME)";
				TEST_TARGET_NAME = TestDemo;
			};
			name = Release;
		};
/* End XCBuildConfiguration section */

/* Begin XCConfigurationList section */
		5B2210671F4A76BF00E0F227 /* Build configuration list for PBXProject "TestDemo" */ = {
			isa = XCConfigurationList;
			buildConfigurations = (
				5B2210971F4A76C000E0F227 /* Debug */,
				5B2210981F4A76C000E0F227 /* Release */,
			);
			defaultConfigurationIsVisible = 0;
			defaultConfigurationName = Release;
		};
		5B2210991F4A76C000E0F227 /* Build configuration list for PBXNativeTarget "TestDemo" */ = {
			isa = XCConfigurationList;
			buildConfigurations = (
				5B22109A1F4A76C000E0F227 /* Debug */,
				5B22109B1F4A76C000E0F227 /* Release */,
			);
			defaultConfigurationIsVisible = 0;
			defaultConfigurationName = Release;
		};
		5B22109C1F4A76C000E0F227 /* Build configuration list for PBXNativeTarget "TestDemoTests" */ = {
			isa = XCConfigurationList;
			buildConfigurations = (
				5B22109D1F4A76C000E0F227 /* Debug */,
				5B22109E1F4A76C000E0F227 /* Release */,
			);
			defaultConfigurationIsVisible = 0;
			defaultConfigurationName = Release;
		};
		5B22109F1F4A76C000E0F227 /* Build configuration list for PBXNativeTarget "TestDemoUITests" */ = {
			isa = XCConfigurationList;
			buildConfigurations = (
				5B2210A01F4A76C000E0F227 /* Debug */,
				5B2210A11F4A76C000E0F227 /* Release */,
			);
			defaultConfigurationIsVisible = 0;
			defaultConfigurationName = Release;
		};
/* End XCConfigurationList section */
	};
	rootObject = 5B2210641F4A76BF00E0F227 /* Project object */;
}
